{
  "name": "gg",
  "lockfileVersion": 3,
  "requires": true,
  "packages": {
    "": {
      "dependencies": {
        "@mappedin/mappedin-js": "^5.49.1"
      }
    },
    "node_modules/@mappedin/mappedin-js": {
      "version": "5.49.1",
      "resolved": "https://registry.npmjs.org/@mappedin/mappedin-js/-/mappedin-js-5.49.1.tgz",
      "integrity": "sha512-1tKHNIUmslT+hg7pwTrSmZDFN3ScPU7vAjFEOLJHwATqY4tRNFbvsGGd0/gHff4rnoQLwTEs63FT0Nz4vG+l2g==",
      "license": "UNLICENSED"
    }
  }
}
